// !$*UTF8*$!
{
	archiveVersion = 1;
	classes = {
	};
	objectVersion = 55;
	objects = {

/* Begin PBXBuildFile section */
		E0B56D627151D8740F716C62 /* Pods_LommaQuiz.framework in Frameworks */ = {isa = PBXBuildFile; fileRef = 515A706D318EEF395422925C /* Pods_LommaQuiz.framework */; };
		FA0908E12777A117007AFBC7 /* 79155-heart-lottie-animation.json in Resources */ = {isa = PBXBuildFile; fileRef = FA0908E02777A117007AFBC7 /* 79155-heart-lottie-animation.json */; };
		FA0908E32777A4F2007AFBC7 /* 79727-man-walking.json in Resources */ = {isa = PBXBuildFile; fileRef = FA0908E22777A4F2007AFBC7 /* 79727-man-walking.json */; };
		FA0908E52777A4FE007AFBC7 /* 48522-girl-walking-with-bag.json in Resources */ = {isa = PBXBuildFile; fileRef = FA0908E42777A4FE007AFBC7 /* 48522-girl-walking-with-bag.json */; };
		FA152DCD289C58FE002265A9 /* greyscaled.swift in Sources */ = {isa = PBXBuildFile; fileRef = FA152DCC289C58FE002265A9 /* greyscaled.swift */; };
		FA38CF8B28AFBA4400BB46FA /* VCBingo.swift in Sources */ = {isa = PBXBuildFile; fileRef = FA38CF8A28AFBA4300BB46FA /* VCBingo.swift */; };
		FA48392F276CA2320078CF24 /* VCCopyWalk.swift in Sources */ = {isa = PBXBuildFile; fileRef = FA48392E276CA2320078CF24 /* VCCopyWalk.swift */; };
		FA529B3228C4D4BD00810F77 /* TVCSpecialWalk.swift in Sources */ = {isa = PBXBuildFile; fileRef = FA529B3128C4D4BD00810F77 /* TVCSpecialWalk.swift */; };
		FA529B3428C4D67800810F77 /* VCListSpecialWalk.swift in Sources */ = {isa = PBXBuildFile; fileRef = FA529B3328C4D67800810F77 /* VCListSpecialWalk.swift */; };
		FA583D2C28CB92D700F36E1A /* VCBingoSmall.swift in Sources */ = {isa = PBXBuildFile; fileRef = FA583D2B28CB92D700F36E1A /* VCBingoSmall.swift */; };
		FA583D2E28CB9B5A00F36E1A /* CVCell1Small.swift in Sources */ = {isa = PBXBuildFile; fileRef = FA583D2D28CB9B5900F36E1A /* CVCell1Small.swift */; };
		FA583D3028CB9B8300F36E1A /* CVCell2Small.swift in Sources */ = {isa = PBXBuildFile; fileRef = FA583D2F28CB9B8300F36E1A /* CVCell2Small.swift */; };
		FA583D3228CB9B9900F36E1A /* CVCell3Small.swift in Sources */ = {isa = PBXBuildFile; fileRef = FA583D3128CB9B9900F36E1A /* CVCell3Small.swift */; };
		FA583D3428CB9F0200F36E1A /* CVCellBingoShowPrevSmall.swift in Sources */ = {isa = PBXBuildFile; fileRef = FA583D3328CB9F0200F36E1A /* CVCellBingoShowPrevSmall.swift */; };
		FA932C0C28A56780003EAFA3 /* lommaAnim2.json in Resources */ = {isa = PBXBuildFile; fileRef = FA932C0B28A56780003EAFA3 /* lommaAnim2.json */; };
		FA97195728C7B54D00296032 /* GoogleService-Info.plist in Resources */ = {isa = PBXBuildFile; fileRef = FA97195628C7B54D00296032 /* GoogleService-Info.plist */; };
		FA9CD77E28B4F48400336895 /* VCBingoPlayerRun.swift in Sources */ = {isa = PBXBuildFile; fileRef = FA9CD77D28B4F48400336895 /* VCBingoPlayerRun.swift */; };
		FA9CD78028B4F83000336895 /* CVCellBingoChart1.swift in Sources */ = {isa = PBXBuildFile; fileRef = FA9CD77F28B4F83000336895 /* CVCellBingoChart1.swift */; };
		FA9CD78228B4F84A00336895 /* CVCellBingoChart2.swift in Sources */ = {isa = PBXBuildFile; fileRef = FA9CD78128B4F84A00336895 /* CVCellBingoChart2.swift */; };
		FA9CD78428B4F85E00336895 /* CVCellBingoChart3.swift in Sources */ = {isa = PBXBuildFile; fileRef = FA9CD78328B4F85E00336895 /* CVCellBingoChart3.swift */; };
		FA9CD78628B6A1DF00336895 /* CVCellBingoShowPrev.swift in Sources */ = {isa = PBXBuildFile; fileRef = FA9CD78528B6A1DF00336895 /* CVCellBingoShowPrev.swift */; };
		FAA8D68A28CA3967007E7633 /* Main.storyboard in Resources */ = {isa = PBXBuildFile; fileRef = FAA8D68928CA3967007E7633 /* Main.storyboard */; };
		FAA8D68C28CA6159007E7633 /* VCNewStart.swift in Sources */ = {isa = PBXBuildFile; fileRef = FAA8D68B28CA6159007E7633 /* VCNewStart.swift */; };
		FAB3B58428A282A0003BE5F5 /* myfirstjson.json in Resources */ = {isa = PBXBuildFile; fileRef = FAB3B58328A282A0003BE5F5 /* myfirstjson.json */; };
		FAD9836C275E7A88004CA143 /* AppDelegate.swift in Sources */ = {isa = PBXBuildFile; fileRef = FAD9836B275E7A88004CA143 /* AppDelegate.swift */; };
		FAD9836E275E7A88004CA143 /* SceneDelegate.swift in Sources */ = {isa = PBXBuildFile; fileRef = FAD9836D275E7A88004CA143 /* SceneDelegate.swift */; };
		FAD98378275E7A8A004CA143 /* LaunchScreen.storyboard in Resources */ = {isa = PBXBuildFile; fileRef = FAD98376275E7A8A004CA143 /* LaunchScreen.storyboard */; };
		FAD98384275E7E43004CA143 /* Pling-sound-effect.mp3 in Resources */ = {isa = PBXBuildFile; fileRef = FAD98383275E7E42004CA143 /* Pling-sound-effect.mp3 */; };
		FAD98386275E7E64004CA143 /* Assets.xcassets in Resources */ = {isa = PBXBuildFile; fileRef = FAD98385275E7E64004CA143 /* Assets.xcassets */; };
		FAD98388275E7E82004CA143 /* runBackGround.swift in Sources */ = {isa = PBXBuildFile; fileRef = FAD98387275E7E81004CA143 /* runBackGround.swift */; };
		FAD9838A275E7E91004CA143 /* VCGPSMap.swift in Sources */ = {isa = PBXBuildFile; fileRef = FAD98389275E7E91004CA143 /* VCGPSMap.swift */; };
		FAD9838C275E7EB2004CA143 /* ViewController.swift in Sources */ = {isa = PBXBuildFile; fileRef = FAD9838B275E7EB2004CA143 /* ViewController.swift */; };
		FAD9838E275E7EDB004CA143 /* VCShowWalk2.swift in Sources */ = {isa = PBXBuildFile; fileRef = FAD9838D275E7EDB004CA143 /* VCShowWalk2.swift */; };
		FAD98390275E7EF5004CA143 /* VCSetCoords.swift in Sources */ = {isa = PBXBuildFile; fileRef = FAD9838F275E7EF5004CA143 /* VCSetCoords.swift */; };
		FAD98392275E7F00004CA143 /* VCChooseSetCoords.swift in Sources */ = {isa = PBXBuildFile; fileRef = FAD98391275E7F00004CA143 /* VCChooseSetCoords.swift */; };
		FAD98394275E7F0B004CA143 /* TableViewCellDate.swift in Sources */ = {isa = PBXBuildFile; fileRef = FAD98393275E7F0B004CA143 /* TableViewCellDate.swift */; };
		FAD98396275E7F16004CA143 /* VCTestSound.swift in Sources */ = {isa = PBXBuildFile; fileRef = FAD98395275E7F16004CA143 /* VCTestSound.swift */; };
		FAD98398275E7F20004CA143 /* VCSeeResultOneByOne.swift in Sources */ = {isa = PBXBuildFile; fileRef = FAD98397275E7F20004CA143 /* VCSeeResultOneByOne.swift */; };
		FAD9839A275E7F29004CA143 /* VCResultat.swift in Sources */ = {isa = PBXBuildFile; fileRef = FAD98399275E7F28004CA143 /* VCResultat.swift */; };
		FAD9839C275E7F31004CA143 /* VCWalkKm.swift in Sources */ = {isa = PBXBuildFile; fileRef = FAD9839B275E7F30004CA143 /* VCWalkKm.swift */; };
		FAD9839E275E7F3A004CA143 /* VCChoseKm.swift in Sources */ = {isa = PBXBuildFile; fileRef = FAD9839D275E7F3A004CA143 /* VCChoseKm.swift */; };
		FAD983A0275E7F46004CA143 /* VCWriteQuestion.swift in Sources */ = {isa = PBXBuildFile; fileRef = FAD9839F275E7F46004CA143 /* VCWriteQuestion.swift */; };
		FAD983A2275E7F4E004CA143 /* VCTwelveQuestions.swift in Sources */ = {isa = PBXBuildFile; fileRef = FAD983A1275E7F4E004CA143 /* VCTwelveQuestions.swift */; };
		FAD983A6275E7F60004CA143 /* RadenTableViewCell.swift in Sources */ = {isa = PBXBuildFile; fileRef = FAD983A5275E7F60004CA143 /* RadenTableViewCell.swift */; };
		FAD983AC275E7F7E004CA143 /* VCShowImageNew.swift in Sources */ = {isa = PBXBuildFile; fileRef = FAD983AB275E7F7E004CA143 /* VCShowImageNew.swift */; };
		FAD983AE275E7F88004CA143 /* annotation.swift in Sources */ = {isa = PBXBuildFile; fileRef = FAD983AD275E7F88004CA143 /* annotation.swift */; };
		FAD983B0275E7F91004CA143 /* VCLogin.swift in Sources */ = {isa = PBXBuildFile; fileRef = FAD983AF275E7F90004CA143 /* VCLogin.swift */; };
		FAD983B2275E7F99004CA143 /* VCAuth.swift in Sources */ = {isa = PBXBuildFile; fileRef = FAD983B1275E7F99004CA143 /* VCAuth.swift */; };
		FAEA1F3E28AA89E5002567BD /* bil3.jpeg in Resources */ = {isa = PBXBuildFile; fileRef = FAEA1F3D28AA89E5002567BD /* bil3.jpeg */; };
		FAF860F32770EBEA003126AB /* VCSomeQuestMissed.swift in Sources */ = {isa = PBXBuildFile; fileRef = FAF860F22770EBEA003126AB /* VCSomeQuestMissed.swift */; };
/* End PBXBuildFile section */

/* Begin PBXFileReference section */
		515A706D318EEF395422925C /* Pods_LommaQuiz.framework */ = {isa = PBXFileReference; explicitFileType = wrapper.framework; includeInIndex = 0; path = Pods_LommaQuiz.framework; sourceTree = BUILT_PRODUCTS_DIR; };
		CBC53A8351F3BE8EF999E13F /* Pods-LommaQuiz.release.xcconfig */ = {isa = PBXFileReference; includeInIndex = 1; lastKnownFileType = text.xcconfig; name = "Pods-LommaQuiz.release.xcconfig"; path = "Target Support Files/Pods-LommaQuiz/Pods-LommaQuiz.release.xcconfig"; sourceTree = "<group>"; };
		E17D57483CA65CA065C1D58C /* Pods-LommaQuiz.debug.xcconfig */ = {isa = PBXFileReference; includeInIndex = 1; lastKnownFileType = text.xcconfig; name = "Pods-LommaQuiz.debug.xcconfig"; path = "Target Support Files/Pods-LommaQuiz/Pods-LommaQuiz.debug.xcconfig"; sourceTree = "<group>"; };
		FA0908E02777A117007AFBC7 /* 79155-heart-lottie-animation.json */ = {isa = PBXFileReference; fileEncoding = 4; lastKnownFileType = text.json; path = "79155-heart-lottie-animation.json"; sourceTree = "<group>"; };
		FA0908E22777A4F2007AFBC7 /* 79727-man-walking.json */ = {isa = PBXFileReference; fileEncoding = 4; lastKnownFileType = text.json; path = "79727-man-walking.json"; sourceTree = "<group>"; };
		FA0908E42777A4FE007AFBC7 /* 48522-girl-walking-with-bag.json */ = {isa = PBXFileReference; fileEncoding = 4; lastKnownFileType = text.json; path = "48522-girl-walking-with-bag.json"; sourceTree = "<group>"; };
		FA152DCC289C58FE002265A9 /* greyscaled.swift */ = {isa = PBXFileReference; lastKnownFileType = sourcecode.swift; path = greyscaled.swift; sourceTree = "<group>"; };
		FA38CF8A28AFBA4300BB46FA /* VCBingo.swift */ = {isa = PBXFileReference; lastKnownFileType = sourcecode.swift; path = VCBingo.swift; sourceTree = "<group>"; };
		FA48392E276CA2320078CF24 /* VCCopyWalk.swift */ = {isa = PBXFileReference; lastKnownFileType = sourcecode.swift; path = VCCopyWalk.swift; sourceTree = "<group>"; };
		FA529B3128C4D4BD00810F77 /* TVCSpecialWalk.swift */ = {isa = PBXFileReference; lastKnownFileType = sourcecode.swift; path = TVCSpecialWalk.swift; sourceTree = "<group>"; };
		FA529B3328C4D67800810F77 /* VCListSpecialWalk.swift */ = {isa = PBXFileReference; lastKnownFileType = sourcecode.swift; path = VCListSpecialWalk.swift; sourceTree = "<group>"; };
		FA583D2B28CB92D700F36E1A /* VCBingoSmall.swift */ = {isa = PBXFileReference; lastKnownFileType = sourcecode.swift; path = VCBingoSmall.swift; sourceTree = "<group>"; };
		FA583D2D28CB9B5900F36E1A /* CVCell1Small.swift */ = {isa = PBXFileReference; lastKnownFileType = sourcecode.swift; path = CVCell1Small.swift; sourceTree = "<group>"; };
		FA583D2F28CB9B8300F36E1A /* CVCell2Small.swift */ = {isa = PBXFileReference; lastKnownFileType = sourcecode.swift; path = CVCell2Small.swift; sourceTree = "<group>"; };
		FA583D3128CB9B9900F36E1A /* CVCell3Small.swift */ = {isa = PBXFileReference; lastKnownFileType = sourcecode.swift; path = CVCell3Small.swift; sourceTree = "<group>"; };
		FA583D3328CB9F0200F36E1A /* CVCellBingoShowPrevSmall.swift */ = {isa = PBXFileReference; lastKnownFileType = sourcecode.swift; path = CVCellBingoShowPrevSmall.swift; sourceTree = "<group>"; };
		FA932C0B28A56780003EAFA3 /* lommaAnim2.json */ = {isa = PBXFileReference; fileEncoding = 4; lastKnownFileType = text.json; path = lommaAnim2.json; sourceTree = "<group>"; };
		FA97195628C7B54D00296032 /* GoogleService-Info.plist */ = {isa = PBXFileReference; fileEncoding = 4; lastKnownFileType = text.plist.xml; path = "GoogleService-Info.plist"; sourceTree = "<group>"; };
		FA9CC4322783317200A04DED /* LommaQuiz.entitlements */ = {isa = PBXFileReference; lastKnownFileType = text.plist.entitlements; path = LommaQuiz.entitlements; sourceTree = "<group>"; };
		FA9CD77D28B4F48400336895 /* VCBingoPlayerRun.swift */ = {isa = PBXFileReference; lastKnownFileType = sourcecode.swift; path = VCBingoPlayerRun.swift; sourceTree = "<group>"; };
		FA9CD77F28B4F83000336895 /* CVCellBingoChart1.swift */ = {isa = PBXFileReference; lastKnownFileType = sourcecode.swift; path = CVCellBingoChart1.swift; sourceTree = "<group>"; };
		FA9CD78128B4F84A00336895 /* CVCellBingoChart2.swift */ = {isa = PBXFileReference; lastKnownFileType = sourcecode.swift; path = CVCellBingoChart2.swift; sourceTree = "<group>"; };
		FA9CD78328B4F85E00336895 /* CVCellBingoChart3.swift */ = {isa = PBXFileReference; lastKnownFileType = sourcecode.swift; path = CVCellBingoChart3.swift; sourceTree = "<group>"; };
		FA9CD78528B6A1DF00336895 /* CVCellBingoShowPrev.swift */ = {isa = PBXFileReference; lastKnownFileType = sourcecode.swift; path = CVCellBingoShowPrev.swift; sourceTree = "<group>"; };
		FAA8D68928CA3967007E7633 /* Main.storyboard */ = {isa = PBXFileReference; fileEncoding = 4; lastKnownFileType = file.storyboard; path = Main.storyboard; sourceTree = "<group>"; };
		FAA8D68B28CA6159007E7633 /* VCNewStart.swift */ = {isa = PBXFileReference; lastKnownFileType = sourcecode.swift; path = VCNewStart.swift; sourceTree = "<group>"; };
		FAB3B58328A282A0003BE5F5 /* myfirstjson.json */ = {isa = PBXFileReference; fileEncoding = 4; lastKnownFileType = text.json; path = myfirstjson.json; sourceTree = "<group>"; };
		FAD98368275E7A88004CA143 /* LommaQuiz.app */ = {isa = PBXFileReference; explicitFileType = wrapper.application; includeInIndex = 0; path = LommaQuiz.app; sourceTree = BUILT_PRODUCTS_DIR; };
		FAD9836B275E7A88004CA143 /* AppDelegate.swift */ = {isa = PBXFileReference; lastKnownFileType = sourcecode.swift; path = AppDelegate.swift; sourceTree = "<group>"; };
		FAD9836D275E7A88004CA143 /* SceneDelegate.swift */ = {isa = PBXFileReference; lastKnownFileType = sourcecode.swift; path = SceneDelegate.swift; sourceTree = "<group>"; };
		FAD98377275E7A8A004CA143 /* Base */ = {isa = PBXFileReference; lastKnownFileType = file.storyboard; name = Base; path = Base.lproj/LaunchScreen.storyboard; sourceTree = "<group>"; };
		FAD98379275E7A8A004CA143 /* Info.plist */ = {isa = PBXFileReference; lastKnownFileType = text.plist.xml; path = Info.plist; sourceTree = "<group>"; };
		FAD98383275E7E42004CA143 /* Pling-sound-effect.mp3 */ = {isa = PBXFileReference; lastKnownFileType = audio.mp3; path = "Pling-sound-effect.mp3"; sourceTree = "<group>"; };
		FAD98385275E7E64004CA143 /* Assets.xcassets */ = {isa = PBXFileReference; lastKnownFileType = folder.assetcatalog; path = Assets.xcassets; sourceTree = "<group>"; };
		FAD98387275E7E81004CA143 /* runBackGround.swift */ = {isa = PBXFileReference; fileEncoding = 4; lastKnownFileType = sourcecode.swift; path = runBackGround.swift; sourceTree = "<group>"; };
		FAD98389275E7E91004CA143 /* VCGPSMap.swift */ = {isa = PBXFileReference; fileEncoding = 4; lastKnownFileType = sourcecode.swift; path = VCGPSMap.swift; sourceTree = "<group>"; };
		FAD9838B275E7EB2004CA143 /* ViewController.swift */ = {isa = PBXFileReference; fileEncoding = 4; lastKnownFileType = sourcecode.swift; path = ViewController.swift; sourceTree = "<group>"; };
		FAD9838D275E7EDB004CA143 /* VCShowWalk2.swift */ = {isa = PBXFileReference; fileEncoding = 4; lastKnownFileType = sourcecode.swift; path = VCShowWalk2.swift; sourceTree = "<group>"; };
		FAD9838F275E7EF5004CA143 /* VCSetCoords.swift */ = {isa = PBXFileReference; fileEncoding = 4; lastKnownFileType = sourcecode.swift; path = VCSetCoords.swift; sourceTree = "<group>"; };
		FAD98391275E7F00004CA143 /* VCChooseSetCoords.swift */ = {isa = PBXFileReference; fileEncoding = 4; lastKnownFileType = sourcecode.swift; path = VCChooseSetCoords.swift; sourceTree = "<group>"; };
		FAD98393275E7F0B004CA143 /* TableViewCellDate.swift */ = {isa = PBXFileReference; fileEncoding = 4; lastKnownFileType = sourcecode.swift; path = TableViewCellDate.swift; sourceTree = "<group>"; };
		FAD98395275E7F16004CA143 /* VCTestSound.swift */ = {isa = PBXFileReference; fileEncoding = 4; lastKnownFileType = sourcecode.swift; path = VCTestSound.swift; sourceTree = "<group>"; };
		FAD98397275E7F20004CA143 /* VCSeeResultOneByOne.swift */ = {isa = PBXFileReference; fileEncoding = 4; lastKnownFileType = sourcecode.swift; path = VCSeeResultOneByOne.swift; sourceTree = "<group>"; };
		FAD98399275E7F28004CA143 /* VCResultat.swift */ = {isa = PBXFileReference; fileEncoding = 4; lastKnownFileType = sourcecode.swift; path = VCResultat.swift; sourceTree = "<group>"; };
		FAD9839B275E7F30004CA143 /* VCWalkKm.swift */ = {isa = PBXFileReference; fileEncoding = 4; lastKnownFileType = sourcecode.swift; path = VCWalkKm.swift; sourceTree = "<group>"; };
		FAD9839D275E7F3A004CA143 /* VCChoseKm.swift */ = {isa = PBXFileReference; fileEncoding = 4; lastKnownFileType = sourcecode.swift; path = VCChoseKm.swift; sourceTree = "<group>"; };
		FAD9839F275E7F46004CA143 /* VCWriteQuestion.swift */ = {isa = PBXFileReference; fileEncoding = 4; lastKnownFileType = sourcecode.swift; path = VCWriteQuestion.swift; sourceTree = "<group>"; };
		FAD983A1275E7F4E004CA143 /* VCTwelveQuestions.swift */ = {isa = PBXFileReference; fileEncoding = 4; lastKnownFileType = sourcecode.swift; path = VCTwelveQuestions.swift; sourceTree = "<group>"; };
		FAD983A5275E7F60004CA143 /* RadenTableViewCell.swift */ = {isa = PBXFileReference; fileEncoding = 4; lastKnownFileType = sourcecode.swift; path = RadenTableViewCell.swift; sourceTree = "<group>"; };
		FAD983AB275E7F7E004CA143 /* VCShowImageNew.swift */ = {isa = PBXFileReference; fileEncoding = 4; lastKnownFileType = sourcecode.swift; path = VCShowImageNew.swift; sourceTree = "<group>"; };
		FAD983AD275E7F88004CA143 /* annotation.swift */ = {isa = PBXFileReference; fileEncoding = 4; lastKnownFileType = sourcecode.swift; path = annotation.swift; sourceTree = "<group>"; };
		FAD983AF275E7F90004CA143 /* VCLogin.swift */ = {isa = PBXFileReference; fileEncoding = 4; lastKnownFileType = sourcecode.swift; path = VCLogin.swift; sourceTree = "<group>"; };
		FAD983B1275E7F99004CA143 /* VCAuth.swift */ = {isa = PBXFileReference; fileEncoding = 4; lastKnownFileType = sourcecode.swift; path = VCAuth.swift; sourceTree = "<group>"; };
		FAEA1F3D28AA89E5002567BD /* bil3.jpeg */ = {isa = PBXFileReference; lastKnownFileType = image.jpeg; path = bil3.jpeg; sourceTree = "<group>"; };
		FAF860F22770EBEA003126AB /* VCSomeQuestMissed.swift */ = {isa = PBXFileReference; lastKnownFileType = sourcecode.swift; path = VCSomeQuestMissed.swift; sourceTree = "<group>"; };
/* End PBXFileReference section */

/* Begin PBXFrameworksBuildPhase section */
		FAD98365275E7A88004CA143 /* Frameworks */ = {
			isa = PBXFrameworksBuildPhase;
			buildActionMask = 2147483647;
			files = (
				E0B56D627151D8740F716C62 /* Pods_LommaQuiz.framework in Frameworks */,
			);
			runOnlyForDeploymentPostprocessing = 0;
		};
/* End PBXFrameworksBuildPhase section */

/* Begin PBXGroup section */
		2781B7F2368DD73C76E456F4 /* Frameworks */ = {
			isa = PBXGroup;
			children = (
				515A706D318EEF395422925C /* Pods_LommaQuiz.framework */,
			);
			name = Frameworks;
			sourceTree = "<group>";
		};
		C6ECC7A14B8B6839766FF21E /* Pods */ = {
			isa = PBXGroup;
			children = (
				E17D57483CA65CA065C1D58C /* Pods-LommaQuiz.debug.xcconfig */,
				CBC53A8351F3BE8EF999E13F /* Pods-LommaQuiz.release.xcconfig */,
			);
			path = Pods;
			sourceTree = "<group>";
		};
		FAD9835F275E7A88004CA143 = {
			isa = PBXGroup;
			children = (
				FAD98387275E7E81004CA143 /* runBackGround.swift */,
				FAD9836A275E7A88004CA143 /* LommaQuiz */,
				FAD98369275E7A88004CA143 /* Products */,
				C6ECC7A14B8B6839766FF21E /* Pods */,
				2781B7F2368DD73C76E456F4 /* Frameworks */,
			);
			sourceTree = "<group>";
		};
		FAD98369275E7A88004CA143 /* Products */ = {
			isa = PBXGroup;
			children = (
				FAD98368275E7A88004CA143 /* LommaQuiz.app */,
			);
			name = Products;
			sourceTree = "<group>";
		};
		FAD9836A275E7A88004CA143 /* LommaQuiz */ = {
			isa = PBXGroup;
			children = (
				FA97195628C7B54D00296032 /* GoogleService-Info.plist */,
				FAEA1F3D28AA89E5002567BD /* bil3.jpeg */,
				FA9CC4322783317200A04DED /* LommaQuiz.entitlements */,
				FA0908E02777A117007AFBC7 /* 79155-heart-lottie-animation.json */,
				FAB3B58328A282A0003BE5F5 /* myfirstjson.json */,
				FA0908E22777A4F2007AFBC7 /* 79727-man-walking.json */,
				FA0908E42777A4FE007AFBC7 /* 48522-girl-walking-with-bag.json */,
				FA932C0B28A56780003EAFA3 /* lommaAnim2.json */,
				FAD98383275E7E42004CA143 /* Pling-sound-effect.mp3 */,
				FAD98389275E7E91004CA143 /* VCGPSMap.swift */,
				FAA8D68928CA3967007E7633 /* Main.storyboard */,
				FAD9836B275E7A88004CA143 /* AppDelegate.swift */,
				FAD9836D275E7A88004CA143 /* SceneDelegate.swift */,
				FAD9838B275E7EB2004CA143 /* ViewController.swift */,
				FAD9838D275E7EDB004CA143 /* VCShowWalk2.swift */,
				FAD9838F275E7EF5004CA143 /* VCSetCoords.swift */,
				FAD98391275E7F00004CA143 /* VCChooseSetCoords.swift */,
				FAD98393275E7F0B004CA143 /* TableViewCellDate.swift */,
				FAD98395275E7F16004CA143 /* VCTestSound.swift */,
				FAD98397275E7F20004CA143 /* VCSeeResultOneByOne.swift */,
				FAD98399275E7F28004CA143 /* VCResultat.swift */,
				FAD9839B275E7F30004CA143 /* VCWalkKm.swift */,
				FAD9839D275E7F3A004CA143 /* VCChoseKm.swift */,
				FAD9839F275E7F46004CA143 /* VCWriteQuestion.swift */,
				FAD983A1275E7F4E004CA143 /* VCTwelveQuestions.swift */,
				FAD983A5275E7F60004CA143 /* RadenTableViewCell.swift */,
				FAA8D68B28CA6159007E7633 /* VCNewStart.swift */,
				FAD98385275E7E64004CA143 /* Assets.xcassets */,
				FAD98376275E7A8A004CA143 /* LaunchScreen.storyboard */,
				FAD98379275E7A8A004CA143 /* Info.plist */,
				FAD983AB275E7F7E004CA143 /* VCShowImageNew.swift */,
				FAD983AD275E7F88004CA143 /* annotation.swift */,
				FAD983AF275E7F90004CA143 /* VCLogin.swift */,
				FAD983B1275E7F99004CA143 /* VCAuth.swift */,
				FA48392E276CA2320078CF24 /* VCCopyWalk.swift */,
				FAF860F22770EBEA003126AB /* VCSomeQuestMissed.swift */,
				FA152DCC289C58FE002265A9 /* greyscaled.swift */,
				FA38CF8A28AFBA4300BB46FA /* VCBingo.swift */,
				FA9CD77D28B4F48400336895 /* VCBingoPlayerRun.swift */,
				FA9CD77F28B4F83000336895 /* CVCellBingoChart1.swift */,
				FA9CD78128B4F84A00336895 /* CVCellBingoChart2.swift */,
				FA9CD78328B4F85E00336895 /* CVCellBingoChart3.swift */,
				FA9CD78528B6A1DF00336895 /* CVCellBingoShowPrev.swift */,
				FA529B3128C4D4BD00810F77 /* TVCSpecialWalk.swift */,
				FA529B3328C4D67800810F77 /* VCListSpecialWalk.swift */,
				FA583D2B28CB92D700F36E1A /* VCBingoSmall.swift */,
				FA583D2D28CB9B5900F36E1A /* CVCell1Small.swift */,
				FA583D2F28CB9B8300F36E1A /* CVCell2Small.swift */,
				FA583D3128CB9B9900F36E1A /* CVCell3Small.swift */,
				FA583D3328CB9F0200F36E1A /* CVCellBingoShowPrevSmall.swift */,
			);
			path = LommaQuiz;
			sourceTree = "<group>";
		};
/* End PBXGroup section */

/* Begin PBXNativeTarget section */
		FAD98367275E7A88004CA143 /* LommaQuiz */ = {
			isa = PBXNativeTarget;
			buildConfigurationList = FAD9837C275E7A8A004CA143 /* Build configuration list for PBXNativeTarget "LommaQuiz" */;
			buildPhases = (
				F957E939CF68771271698F41 /* [CP] Check Pods Manifest.lock */,
				FAD98364275E7A88004CA143 /* Sources */,
				FAD98365275E7A88004CA143 /* Frameworks */,
				FAD98366275E7A88004CA143 /* Resources */,
				9976BC4036276FB4A52CAB7D /* [CP] Embed Pods Frameworks */,
			);
			buildRules = (
			);
			dependencies = (
			);
			name = LommaQuiz;
			productName = LommaQuiz;
			productReference = FAD98368275E7A88004CA143 /* LommaQuiz.app */;
			productType = "com.apple.product-type.application";
		};
/* End PBXNativeTarget section */

/* Begin PBXProject section */
		FAD98360275E7A88004CA143 /* Project object */ = {
			isa = PBXProject;
			attributes = {
				BuildIndependentTargetsInParallel = 1;
				LastSwiftUpdateCheck = 1300;
				LastUpgradeCheck = 1300;
				TargetAttributes = {
					FAD98367275E7A88004CA143 = {
						CreatedOnToolsVersion = 13.0;
					};
				};
			};
			buildConfigurationList = FAD98363275E7A88004CA143 /* Build configuration list for PBXProject "LommaQuiz" */;
			compatibilityVersion = "Xcode 13.0";
			developmentRegion = en;
			hasScannedForEncodings = 0;
			knownRegions = (
				en,
				Base,
			);
			mainGroup = FAD9835F275E7A88004CA143;
			productRefGroup = FAD98369275E7A88004CA143 /* Products */;
			projectDirPath = "";
			projectRoot = "";
			targets = (
				FAD98367275E7A88004CA143 /* LommaQuiz */,
			);
		};
/* End PBXProject section */

/* Begin PBXResourcesBuildPhase section */
		FAD98366275E7A88004CA143 /* Resources */ = {
			isa = PBXResourcesBuildPhase;
			buildActionMask = 2147483647;
			files = (
				FAD98378275E7A8A004CA143 /* LaunchScreen.storyboard in Resources */,
				FA0908E32777A4F2007AFBC7 /* 79727-man-walking.json in Resources */,
				FAB3B58428A282A0003BE5F5 /* myfirstjson.json in Resources */,
				FAEA1F3E28AA89E5002567BD /* bil3.jpeg in Resources */,
				FA0908E52777A4FE007AFBC7 /* 48522-girl-walking-with-bag.json in Resources */,
				FAA8D68A28CA3967007E7633 /* Main.storyboard in Resources */,
				FA932C0C28A56780003EAFA3 /* lommaAnim2.json in Resources */,
				FAD98384275E7E43004CA143 /* Pling-sound-effect.mp3 in Resources */,
				FA97195728C7B54D00296032 /* GoogleService-Info.plist in Resources */,
				FA0908E12777A117007AFBC7 /* 79155-heart-lottie-animation.json in Resources */,
				FAD98386275E7E64004CA143 /* Assets.xcassets in Resources */,
			);
			runOnlyForDeploymentPostprocessing = 0;
		};
/* End PBXResourcesBuildPhase section */

/* Begin PBXShellScriptBuildPhase section */
		9976BC4036276FB4A52CAB7D /* [CP] Embed Pods Frameworks */ = {
			isa = PBXShellScriptBuildPhase;
			buildActionMask = 2147483647;
			files = (
			);
			inputFileListPaths = (
				"${PODS_ROOT}/Target Support Files/Pods-LommaQuiz/Pods-LommaQuiz-frameworks-${CONFIGURATION}-input-files.xcfilelist",
			);
			name = "[CP] Embed Pods Frameworks";
			outputFileListPaths = (
				"${PODS_ROOT}/Target Support Files/Pods-LommaQuiz/Pods-LommaQuiz-frameworks-${CONFIGURATION}-output-files.xcfilelist",
			);
			runOnlyForDeploymentPostprocessing = 0;
			shellPath = /bin/sh;
			shellScript = "\"${PODS_ROOT}/Target Support Files/Pods-LommaQuiz/Pods-LommaQuiz-frameworks.sh\"\n";
			showEnvVarsInLog = 0;
		};
		F957E939CF68771271698F41 /* [CP] Check Pods Manifest.lock */ = {
			isa = PBXShellScriptBuildPhase;
			buildActionMask = 2147483647;
			files = (
			);
			inputFileListPaths = (
			);
			inputPaths = (
				"${PODS_PODFILE_DIR_PATH}/Podfile.lock",
				"${PODS_ROOT}/Manifest.lock",
			);
			name = "[CP] Check Pods Manifest.lock";
			outputFileListPaths = (
			);
			outputPaths = (
				"$(DERIVED_FILE_DIR)/Pods-LommaQuiz-checkManifestLockResult.txt",
			);
			runOnlyForDeploymentPostprocessing = 0;
			shellPath = /bin/sh;
			shellScript = "diff \"${PODS_PODFILE_DIR_PATH}/Podfile.lock\" \"${PODS_ROOT}/Manifest.lock\" > /dev/null\nif [ $? != 0 ] ; then\n    # print error to STDERR\n    echo \"error: The sandbox is not in sync with the Podfile.lock. Run 'pod install' or update your CocoaPods installation.\" >&2\n    exit 1\nfi\n# This output is used by Xcode 'outputs' to avoid re-running this script phase.\necho \"SUCCESS\" > \"${SCRIPT_OUTPUT_FILE_0}\"\n";
			showEnvVarsInLog = 0;
		};
/* End PBXShellScriptBuildPhase section */

/* Begin PBXSourcesBuildPhase section */
		FAD98364275E7A88004CA143 /* Sources */ = {
			isa = PBXSourcesBuildPhase;
			buildActionMask = 2147483647;
			files = (
				FA529B3428C4D67800810F77 /* VCListSpecialWalk.swift in Sources */,
				FA9CD78028B4F83000336895 /* CVCellBingoChart1.swift in Sources */,
				FAD9838C275E7EB2004CA143 /* ViewController.swift in Sources */,
				FAD9839E275E7F3A004CA143 /* VCChoseKm.swift in Sources */,
				FAD983AE275E7F88004CA143 /* annotation.swift in Sources */,
				FAD9838E275E7EDB004CA143 /* VCShowWalk2.swift in Sources */,
				FA529B3228C4D4BD00810F77 /* TVCSpecialWalk.swift in Sources */,
				FAD983A6275E7F60004CA143 /* RadenTableViewCell.swift in Sources */,
				FAD98392275E7F00004CA143 /* VCChooseSetCoords.swift in Sources */,
				FA583D3028CB9B8300F36E1A /* CVCell2Small.swift in Sources */,
				FAD98394275E7F0B004CA143 /* TableViewCellDate.swift in Sources */,
				FAD983B2275E7F99004CA143 /* VCAuth.swift in Sources */,
				FAD9839A275E7F29004CA143 /* VCResultat.swift in Sources */,
				FAD9838A275E7E91004CA143 /* VCGPSMap.swift in Sources */,
				FAA8D68C28CA6159007E7633 /* VCNewStart.swift in Sources */,
				FA48392F276CA2320078CF24 /* VCCopyWalk.swift in Sources */,
				FA583D3428CB9F0200F36E1A /* CVCellBingoShowPrevSmall.swift in Sources */,
				FAD9836C275E7A88004CA143 /* AppDelegate.swift in Sources */,
				FA9CD78628B6A1DF00336895 /* CVCellBingoShowPrev.swift in Sources */,
				FAD9836E275E7A88004CA143 /* SceneDelegate.swift in Sources */,
				FAD98398275E7F20004CA143 /* VCSeeResultOneByOne.swift in Sources */,
				FAD983A0275E7F46004CA143 /* VCWriteQuestion.swift in Sources */,
				FA9CD78228B4F84A00336895 /* CVCellBingoChart2.swift in Sources */,
				FA583D3228CB9B9900F36E1A /* CVCell3Small.swift in Sources */,
				FAF860F32770EBEA003126AB /* VCSomeQuestMissed.swift in Sources */,
				FAD98390275E7EF5004CA143 /* VCSetCoords.swift in Sources */,
				FAD98396275E7F16004CA143 /* VCTestSound.swift in Sources */,
				FAD983A2275E7F4E004CA143 /* VCTwelveQuestions.swift in Sources */,
				FA9CD78428B4F85E00336895 /* CVCellBingoChart3.swift in Sources */,
				FAD983B0275E7F91004CA143 /* VCLogin.swift in Sources */,
				FAD983AC275E7F7E004CA143 /* VCShowImageNew.swift in Sources */,
				FAD98388275E7E82004CA143 /* runBackGround.swift in Sources */,
				FA38CF8B28AFBA4400BB46FA /* VCBingo.swift in Sources */,
				FA9CD77E28B4F48400336895 /* VCBingoPlayerRun.swift in Sources */,
				FA583D2E28CB9B5A00F36E1A /* CVCell1Small.swift in Sources */,
				FA152DCD289C58FE002265A9 /* greyscaled.swift in Sources */,
				FA583D2C28CB92D700F36E1A /* VCBingoSmall.swift in Sources */,
				FAD9839C275E7F31004CA143 /* VCWalkKm.swift in Sources */,
			);
			runOnlyForDeploymentPostprocessing = 0;
		};
/* End PBXSourcesBuildPhase section */

/* Begin PBXVariantGroup section */
		FAD98376275E7A8A004CA143 /* LaunchScreen.storyboard */ = {
			isa = PBXVariantGroup;
			children = (
				FAD98377275E7A8A004CA143 /* Base */,
			);
			name = LaunchScreen.storyboard;
			sourceTree = "<group>";
		};
/* End PBXVariantGroup section */

/* Begin XCBuildConfiguration section */
		FAD9837A275E7A8A004CA143 /* Debug */ = {
			isa = XCBuildConfiguration;
			buildSettings = {
				ALWAYS_SEARCH_USER_PATHS = NO;
				CLANG_ANALYZER_NONNULL = YES;
				CLANG_ANALYZER_NUMBER_OBJECT_CONVERSION = YES_AGGRESSIVE;
				CLANG_CXX_LANGUAGE_STANDARD = "gnu++17";
				CLANG_CXX_LIBRARY = "libc++";
				CLANG_ENABLE_MODULES = YES;
				CLANG_ENABLE_OBJC_ARC = YES;
				CLANG_ENABLE_OBJC_WEAK = YES;
				CLANG_WARN_BLOCK_CAPTURE_AUTORELEASING = YES;
				CLANG_WARN_BOOL_CONVERSION = YES;
				CLANG_WARN_COMMA = YES;
				CLANG_WARN_CONSTANT_CONVERSION = YES;
				CLANG_WARN_DEPRECATED_OBJC_IMPLEMENTATIONS = YES;
				CLANG_WARN_DIRECT_OBJC_ISA_USAGE = YES_ERROR;
				CLANG_WARN_DOCUMENTATION_COMMENTS = YES;
				CLANG_WARN_EMPTY_BODY = YES;
				CLANG_WARN_ENUM_CONVERSION = YES;
				CLANG_WARN_INFINITE_RECURSION = YES;
				CLANG_WARN_INT_CONVERSION = YES;
				CLANG_WARN_NON_LITERAL_NULL_CONVERSION = YES;
				CLANG_WARN_OBJC_IMPLICIT_RETAIN_SELF = YES;
				CLANG_WARN_OBJC_LITERAL_CONVERSION = YES;
				CLANG_WARN_OBJC_ROOT_CLASS = YES_ERROR;
				CLANG_WARN_QUOTED_INCLUDE_IN_FRAMEWORK_HEADER = YES;
				CLANG_WARN_RANGE_LOOP_ANALYSIS = YES;
				CLANG_WARN_STRICT_PROTOTYPES = YES;
				CLANG_WARN_SUSPICIOUS_MOVE = YES;
				CLANG_WARN_UNGUARDED_AVAILABILITY = YES_AGGRESSIVE;
				CLANG_WARN_UNREACHABLE_CODE = YES;
				CLANG_WARN__DUPLICATE_METHOD_MATCH = YES;
				COPY_PHASE_STRIP = NO;
				DEBUG_INFORMATION_FORMAT = dwarf;
				ENABLE_STRICT_OBJC_MSGSEND = YES;
				ENABLE_TESTABILITY = YES;
				GCC_C_LANGUAGE_STANDARD = gnu11;
				GCC_DYNAMIC_NO_PIC = NO;
				GCC_NO_COMMON_BLOCKS = YES;
				GCC_OPTIMIZATION_LEVEL = 0;
				GCC_PREPROCESSOR_DEFINITIONS = (
					"DEBUG=1",
					"$(inherited)",
				);
				GCC_WARN_64_TO_32_BIT_CONVERSION = YES;
				GCC_WARN_ABOUT_RETURN_TYPE = YES_ERROR;
				GCC_WARN_UNDECLARED_SELECTOR = YES;
				GCC_WARN_UNINITIALIZED_AUTOS = YES_AGGRESSIVE;
				GCC_WARN_UNUSED_FUNCTION = YES;
				GCC_WARN_UNUSED_VARIABLE = YES;
				IPHONEOS_DEPLOYMENT_TARGET = 15.0;
				MTL_ENABLE_DEBUG_INFO = INCLUDE_SOURCE;
				MTL_FAST_MATH = YES;
				ONLY_ACTIVE_ARCH = YES;
				SDKROOT = iphoneos;
				SWIFT_ACTIVE_COMPILATION_CONDITIONS = DEBUG;
				SWIFT_OPTIMIZATION_LEVEL = "-Onone";
			};
			name = Debug;
		};
		FAD9837B275E7A8A004CA143 /* Release */ = {
			isa = XCBuildConfiguration;
			buildSettings = {
				ALWAYS_SEARCH_USER_PATHS = NO;
				CLANG_ANALYZER_NONNULL = YES;
				CLANG_ANALYZER_NUMBER_OBJECT_CONVERSION = YES_AGGRESSIVE;
				CLANG_CXX_LANGUAGE_STANDARD = "gnu++17";
				CLANG_CXX_LIBRARY = "libc++";
				CLANG_ENABLE_MODULES = YES;
				CLANG_ENABLE_OBJC_ARC = YES;
				CLANG_ENABLE_OBJC_WEAK = YES;
				CLANG_WARN_BLOCK_CAPTURE_AUTORELEASING = YES;
				CLANG_WARN_BOOL_CONVERSION = YES;
				CLANG_WARN_COMMA = YES;
				CLANG_WARN_CONSTANT_CONVERSION = YES;
				CLANG_WARN_DEPRECATED_OBJC_IMPLEMENTATIONS = YES;
				CLANG_WARN_DIRECT_OBJC_ISA_USAGE = YES_ERROR;
				CLANG_WARN_DOCUMENTATION_COMMENTS = YES;
				CLANG_WARN_EMPTY_BODY = YES;
				CLANG_WARN_ENUM_CONVERSION = YES;
				CLANG_WARN_INFINITE_RECURSION = YES;
				CLANG_WARN_INT_CONVERSION = YES;
				CLANG_WARN_NON_LITERAL_NULL_CONVERSION = YES;
				CLANG_WARN_OBJC_IMPLICIT_RETAIN_SELF = YES;
				CLANG_WARN_OBJC_LITERAL_CONVERSION = YES;
				CLANG_WARN_OBJC_ROOT_CLASS = YES_ERROR;
				CLANG_WARN_QUOTED_INCLUDE_IN_FRAMEWORK_HEADER = YES;
				CLANG_WARN_RANGE_LOOP_ANALYSIS = YES;
				CLANG_WARN_STRICT_PROTOTYPES = YES;
				CLANG_WARN_SUSPICIOUS_MOVE = YES;
				CLANG_WARN_UNGUARDED_AVAILABILITY = YES_AGGRESSIVE;
				CLANG_WARN_UNREACHABLE_CODE = YES;
				CLANG_WARN__DUPLICATE_METHOD_MATCH = YES;
				COPY_PHASE_STRIP = NO;
				DEBUG_INFORMATION_FORMAT = "dwarf-with-dsym";
				ENABLE_NS_ASSERTIONS = NO;
				ENABLE_STRICT_OBJC_MSGSEND = YES;
				GCC_C_LANGUAGE_STANDARD = gnu11;
				GCC_NO_COMMON_BLOCKS = YES;
				GCC_WARN_64_TO_32_BIT_CONVERSION = YES;
				GCC_WARN_ABOUT_RETURN_TYPE = YES_ERROR;
				GCC_WARN_UNDECLARED_SELECTOR = YES;
				GCC_WARN_UNINITIALIZED_AUTOS = YES_AGGRESSIVE;
				GCC_WARN_UNUSED_FUNCTION = YES;
				GCC_WARN_UNUSED_VARIABLE = YES;
				IPHONEOS_DEPLOYMENT_TARGET = 15.0;
				MTL_ENABLE_DEBUG_INFO = NO;
				MTL_FAST_MATH = YES;
				SDKROOT = iphoneos;
				SWIFT_COMPILATION_MODE = wholemodule;
				SWIFT_OPTIMIZATION_LEVEL = "-O";
				VALIDATE_PRODUCT = YES;
			};
			name = Release;
		};
		FAD9837D275E7A8A004CA143 /* Debug */ = {
			isa = XCBuildConfiguration;
			baseConfigurationReference = E17D57483CA65CA065C1D58C /* Pods-LommaQuiz.debug.xcconfig */;
			buildSettings = {
				ASSETCATALOG_COMPILER_APPICON_NAME = AppIcon;
				ASSETCATALOG_COMPILER_GLOBAL_ACCENT_COLOR_NAME = AccentColor;
				CODE_SIGN_ENTITLEMENTS = LommaQuiz/LommaQuiz.entitlements;
				CODE_SIGN_IDENTITY = "Apple Development";
				CODE_SIGN_STYLE = Automatic;
				CURRENT_PROJECT_VERSION = 20220905;
				DEVELOPMENT_TEAM = U77KX73954;
				GENERATE_INFOPLIST_FILE = YES;
				INFOPLIST_FILE = LommaQuiz/Info.plist;
				INFOPLIST_KEY_CFBundleDisplayName = "Frågerundan";
				INFOPLIST_KEY_NSLocationAlwaysAndWhenInUseUsageDescription = "Denna app önskar din tillåtelse att använda din position för att presentera frågor. Om du tillåter detta så kommer appen att även kontrollera när appen går i bakgrundsläge. Detta kostar ingen kommunikation som påverkar din surfmängd.";
				INFOPLIST_KEY_NSLocationAlwaysUsageDescription = "";
				INFOPLIST_KEY_NSLocationWhenInUseUsageDescription = "Denna app önskar din tillåtelse att använda din position för att presentera frågor. I detta läge så kontrollerar appen inte när den går i bakgrundsläge. Detta kostar ingen kommunikation som påverkar din surfmängd.";
				INFOPLIST_KEY_UIApplicationSupportsIndirectInputEvents = YES;
				INFOPLIST_KEY_UILaunchStoryboardName = LaunchScreen;
				INFOPLIST_KEY_UIMainStoryboardFile = Main;
				INFOPLIST_KEY_UISupportedInterfaceOrientations = UIInterfaceOrientationPortrait;
				INFOPLIST_KEY_UISupportedInterfaceOrientations_iPad = "UIInterfaceOrientationPortrait UIInterfaceOrientationPortraitUpsideDown";
				INFOPLIST_KEY_UISupportedInterfaceOrientations_iPhone = UIInterfaceOrientationPortrait;
				IPHONEOS_DEPLOYMENT_TARGET = 15.0;
				LD_RUNPATH_SEARCH_PATHS = (
					"$(inherited)",
					"@executable_path/Frameworks",
				);
				MARKETING_VERSION = 3.1;
				PRODUCT_BUNDLE_IDENTIFIER = "com.jorgen-raby.LommaQuiz";
				PRODUCT_NAME = "$(TARGET_NAME)";
				PROVISIONING_PROFILE_SPECIFIER = "";
				SWIFT_EMIT_LOC_STRINGS = YES;
				SWIFT_VERSION = 5.0;
				TARGETED_DEVICE_FAMILY = 1;
			};
			name = Debug;
		};
		FAD9837E275E7A8A004CA143 /* Release */ = {
			isa = XCBuildConfiguration;
			baseConfigurationReference = CBC53A8351F3BE8EF999E13F /* Pods-LommaQuiz.release.xcconfig */;
			buildSettings = {
				ASSETCATALOG_COMPILER_APPICON_NAME = AppIcon;
				ASSETCATALOG_COMPILER_GLOBAL_ACCENT_COLOR_NAME = AccentColor;
				CODE_SIGN_ENTITLEMENTS = LommaQuiz/LommaQuiz.entitlements;
				CODE_SIGN_IDENTITY = "Apple Development";
				CODE_SIGN_STYLE = Automatic;
				CURRENT_PROJECT_VERSION = 20220905;
				DEVELOPMENT_TEAM = U77KX73954;
				GENERATE_INFOPLIST_FILE = YES;
				INFOPLIST_FILE = LommaQuiz/Info.plist;
				INFOPLIST_KEY_CFBundleDisplayName = "Frågerundan";
				INFOPLIST_KEY_NSLocationAlwaysAndWhenInUseUsageDescription = "Denna app önskar din tillåtelse att använda din position för att presentera frågor. Om du tillåter detta så kommer appen att även kontrollera när appen går i bakgrundsläge. Detta kostar ingen kommunikation som påverkar din surfmängd.";
				INFOPLIST_KEY_NSLocationAlwaysUsageDescription = "";
				INFOPLIST_KEY_NSLocationWhenInUseUsageDescription = "Denna app önskar din tillåtelse att använda din position för att presentera frågor. I detta läge så kontrollerar appen inte när den går i bakgrundsläge. Detta kostar ingen kommunikation som påverkar din surfmängd.";
				INFOPLIST_KEY_UIApplicationSupportsIndirectInputEvents = YES;
				INFOPLIST_KEY_UILaunchStoryboardName = LaunchScreen;
				INFOPLIST_KEY_UIMainStoryboardFile = Main;
				INFOPLIST_KEY_UISupportedInterfaceOrientations = UIInterfaceOrientationPortrait;
				INFOPLIST_KEY_UISupportedInterfaceOrientations_iPad = "UIInterfaceOrientationPortrait UIInterfaceOrientationPortraitUpsideDown";
				INFOPLIST_KEY_UISupportedInterfaceOrientations_iPhone = UIInterfaceOrientationPortrait;
				IPHONEOS_DEPLOYMENT_TARGET = 15.0;
				LD_RUNPATH_SEARCH_PATHS = (
					"$(inherited)",
					"@executable_path/Frameworks",
				);
				MARKETING_VERSION = 3.1;
				PRODUCT_BUNDLE_IDENTIFIER = "com.jorgen-raby.LommaQuiz";
				PRODUCT_NAME = "$(TARGET_NAME)";
				PROVISIONING_PROFILE_SPECIFIER = "";
				SWIFT_EMIT_LOC_STRINGS = YES;
				SWIFT_VERSION = 5.0;
				TARGETED_DEVICE_FAMILY = 1;
			};
			name = Release;
		};
/* End XCBuildConfiguration section */

/* Begin XCConfigurationList section */
		FAD98363275E7A88004CA143 /* Build configuration list for PBXProject "LommaQuiz" */ = {
			isa = XCConfigurationList;
			buildConfigurations = (
				FAD9837A275E7A8A004CA143 /* Debug */,
				FAD9837B275E7A8A004CA143 /* Release */,
			);
			defaultConfigurationIsVisible = 0;
			defaultConfigurationName = Release;
		};
		FAD9837C275E7A8A004CA143 /* Build configuration list for PBXNativeTarget "LommaQuiz" */ = {
			isa = XCConfigurationList;
			buildConfigurations = (
				FAD9837D275E7A8A004CA143 /* Debug */,
				FAD9837E275E7A8A004CA143 /* Release */,
			);
			defaultConfigurationIsVisible = 0;
			defaultConfigurationName = Release;
		};
/* End XCConfigurationList section */
	};
	rootObject = FAD98360275E7A88004CA143 /* Project object */;
}
